{
  "version": "1",
  "sources": {
    "lanzaboote": {
      "type": "GitHub",
      "fetchType": "tarball",
      "frozen": true,
      "owner": "nix-community",
      "repo": "lanzaboote",
      "branch": "master",
      "revision": "v1.0.0",
      "url": "https://github.com/nix-community/lanzaboote/archive/v1.0.0.tar.gz",
      "hash": "sha256-RJmgVDzjRI18BWVogG6wpsl1UCuV6ui8qr4DJ1LfWZ8="
    }
  }
}
